
Microsoft Visual Studio Solution File, Format Version 12.00
# Visual Studio Version 16
VisualStudioVersion = 16.0.31321.278
MinimumVisualStudioVersion = 10.0.40219.1
Project("{FAE04EC0-301F-11D3-BF4B-00C04F79EFBC}") = "ListOfClassesContainingLists", "ListOfClassesContainingLists\ListOfClassesContainingLists.csproj", "{5D8F26DC-5826-4C83-8FAE-2A95D6DAE627}"
EndProject
Global
	GlobalSection(SolutionConfigurationPlatforms) = preSolution
		Debug|Any CPU = Debug|Any CPU
		Release|Any CPU = Release|Any CPU
	EndGlobalSection
	GlobalSection(ProjectConfigurationPlatforms) = postSolution
		{5D8F26DC-5826-4C83-8FAE-2A95D6DAE627}.Debug|Any CPU.ActiveCfg = Debug|Any CPU
		{5D8F26DC-5826-4C83-8FAE-2A95D6DAE627}.Debug|Any CPU.Build.0 = Debug|Any CPU
		{5D8F26DC-5826-4C83-8FAE-2A95D6DAE627}.Release|Any CPU.ActiveCfg = Release|Any CPU
		{5D8F26DC-5826-4C83-8FAE-2A95D6DAE627}.Release|Any CPU.Build.0 = Release|Any CPU
	EndGlobalSection
	GlobalSection(SolutionProperties) = preSolution
		HideSolutionNode = FALSE
	EndGlobalSection
	GlobalSection(ExtensibilityGlobals) = postSolution
		SolutionGuid = {0565BD3D-1752-4A8A-B7DF-574D94E7FDC5}
	EndGlobalSection
EndGlobal
